// !$*UTF8*$!
{
	archiveVersion = 1;
	classes = {
	};
	objectVersion = 50;
	objects = {

/* Begin PBXBuildFile section */
		1E11916C24CE3484007B1FFE /* AppDelegate.swift in Sources */ = {isa = PBXBuildFile; fileRef = 1E11916B24CE3484007B1FFE /* AppDelegate.swift */; };
		1E11916E24CE3484007B1FFE /* SceneDelegate.swift in Sources */ = {isa = PBXBuildFile; fileRef = 1E11916D24CE3484007B1FFE /* SceneDelegate.swift */; };
		1E11917024CE3484007B1FFE /* SwiftUIExampleView.swift in Sources */ = {isa = PBXBuildFile; fileRef = 1E11916F24CE3484007B1FFE /* SwiftUIExampleView.swift */; };
		1E11917224CE3487007B1FFE /* Assets.xcassets in Resources */ = {isa = PBXBuildFile; fileRef = 1E11917124CE3487007B1FFE /* Assets.xcassets */; };
		1E11917524CE3487007B1FFE /* Preview Assets.xcassets in Resources */ = {isa = PBXBuildFile; fileRef = 1E11917424CE3487007B1FFE /* Preview Assets.xcassets */; };
		1E11917824CE3487007B1FFE /* LaunchScreen.storyboard in Resources */ = {isa = PBXBuildFile; fileRef = 1E11917624CE3487007B1FFE /* LaunchScreen.storyboard */; };
		1E2C8EE524CE636400BC7D43 /* ColorPaletteDynamicView.swift in Sources */ = {isa = PBXBuildFile; fileRef = 1E2C8EE424CE636400BC7D43 /* ColorPaletteDynamicView.swift */; };
		1E2C8EE724CE9FD400BC7D43 /* CGPoint+Distance.swift in Sources */ = {isa = PBXBuildFile; fileRef = 1E2C8EE624CE9FD400BC7D43 /* CGPoint+Distance.swift */; };
		1E2C8EE924CEA00A00BC7D43 /* CGSize+Operators.swift in Sources */ = {isa = PBXBuildFile; fileRef = 1E2C8EE824CEA00A00BC7D43 /* CGSize+Operators.swift */; };
		1EA2975A24CE350B00ADC25E /* ColorPaletteScene.swift in Sources */ = {isa = PBXBuildFile; fileRef = 1EA2975224CE350B00ADC25E /* ColorPaletteScene.swift */; };
		1EA2975B24CE350B00ADC25E /* ColorNode.swift in Sources */ = {isa = PBXBuildFile; fileRef = 1EA2975324CE350B00ADC25E /* ColorNode.swift */; };
		1EA2975C24CE350B00ADC25E /* ColorPaletteView.swift in Sources */ = {isa = PBXBuildFile; fileRef = 1EA2975424CE350B00ADC25E /* ColorPaletteView.swift */; };
		1EA2975D24CE350B00ADC25E /* ColorsContainerNode.swift in Sources */ = {isa = PBXBuildFile; fileRef = 1EA2975524CE350B00ADC25E /* ColorsContainerNode.swift */; };
		1EA2975E24CE350B00ADC25E /* PaletteColor.swift in Sources */ = {isa = PBXBuildFile; fileRef = 1EA2975724CE350B00ADC25E /* PaletteColor.swift */; };
		1EA2975F24CE350B00ADC25E /* SKShapeNode+Radius.swift in Sources */ = {isa = PBXBuildFile; fileRef = 1EA2975924CE350B00ADC25E /* SKShapeNode+Radius.swift */; };
/* End PBXBuildFile section */

/* Begin PBXFileReference section */
		1E11916824CE3484007B1FFE /* Example.app */ = {isa = PBXFileReference; explicitFileType = wrapper.application; includeInIndex = 0; path = Example.app; sourceTree = BUILT_PRODUCTS_DIR; };
		1E11916B24CE3484007B1FFE /* AppDelegate.swift */ = {isa = PBXFileReference; lastKnownFileType = sourcecode.swift; path = AppDelegate.swift; sourceTree = "<group>"; };
		1E11916D24CE3484007B1FFE /* SceneDelegate.swift */ = {isa = PBXFileReference; lastKnownFileType = sourcecode.swift; path = SceneDelegate.swift; sourceTree = "<group>"; };
		1E11916F24CE3484007B1FFE /* SwiftUIExampleView.swift */ = {isa = PBXFileReference; lastKnownFileType = sourcecode.swift; path = SwiftUIExampleView.swift; sourceTree = "<group>"; };
		1E11917124CE3487007B1FFE /* Assets.xcassets */ = {isa = PBXFileReference; lastKnownFileType = folder.assetcatalog; path = Assets.xcassets; sourceTree = "<group>"; };
		1E11917424CE3487007B1FFE /* Preview Assets.xcassets */ = {isa = PBXFileReference; lastKnownFileType = folder.assetcatalog; path = "Preview Assets.xcassets"; sourceTree = "<group>"; };
		1E11917724CE3487007B1FFE /* Base */ = {isa = PBXFileReference; lastKnownFileType = file.storyboard; name = Base; path = Base.lproj/LaunchScreen.storyboard; sourceTree = "<group>"; };
		1E11917924CE3487007B1FFE /* Info.plist */ = {isa = PBXFileReference; lastKnownFileType = text.plist.xml; path = Info.plist; sourceTree = "<group>"; };
		1E2C8EE424CE636400BC7D43 /* ColorPaletteDynamicView.swift */ = {isa = PBXFileReference; lastKnownFileType = sourcecode.swift; path = ColorPaletteDynamicView.swift; sourceTree = "<group>"; };
		1E2C8EE624CE9FD400BC7D43 /* CGPoint+Distance.swift */ = {isa = PBXFileReference; lastKnownFileType = sourcecode.swift; path = "CGPoint+Distance.swift"; sourceTree = "<group>"; };
		1E2C8EE824CEA00A00BC7D43 /* CGSize+Operators.swift */ = {isa = PBXFileReference; lastKnownFileType = sourcecode.swift; path = "CGSize+Operators.swift"; sourceTree = "<group>"; };
		1EA2975224CE350B00ADC25E /* ColorPaletteScene.swift */ = {isa = PBXFileReference; fileEncoding = 4; lastKnownFileType = sourcecode.swift; path = ColorPaletteScene.swift; sourceTree = "<group>"; };
		1EA2975324CE350B00ADC25E /* ColorNode.swift */ = {isa = PBXFileReference; fileEncoding = 4; lastKnownFileType = sourcecode.swift; path = ColorNode.swift; sourceTree = "<group>"; };
		1EA2975424CE350B00ADC25E /* ColorPaletteView.swift */ = {isa = PBXFileReference; fileEncoding = 4; lastKnownFileType = sourcecode.swift; path = ColorPaletteView.swift; sourceTree = "<group>"; };
		1EA2975524CE350B00ADC25E /* ColorsContainerNode.swift */ = {isa = PBXFileReference; fileEncoding = 4; lastKnownFileType = sourcecode.swift; path = ColorsContainerNode.swift; sourceTree = "<group>"; };
		1EA2975724CE350B00ADC25E /* PaletteColor.swift */ = {isa = PBXFileReference; fileEncoding = 4; lastKnownFileType = sourcecode.swift; path = PaletteColor.swift; sourceTree = "<group>"; };
		1EA2975924CE350B00ADC25E /* SKShapeNode+Radius.swift */ = {isa = PBXFileReference; fileEncoding = 4; lastKnownFileType = sourcecode.swift; path = "SKShapeNode+Radius.swift"; sourceTree = "<group>"; };
/* End PBXFileReference section */

/* Begin PBXFrameworksBuildPhase section */
		1E11916524CE3484007B1FFE /* Frameworks */ = {
			isa = PBXFrameworksBuildPhase;
			buildActionMask = 2147483647;
			files = (
			);
			runOnlyForDeploymentPostprocessing = 0;
		};
/* End PBXFrameworksBuildPhase section */

/* Begin PBXGroup section */
		1E11915F24CE3484007B1FFE = {
			isa = PBXGroup;
			children = (
				1E11916A24CE3484007B1FFE /* Example */,
				1E11916924CE3484007B1FFE /* Products */,
			);
			sourceTree = "<group>";
		};
		1E11916924CE3484007B1FFE /* Products */ = {
			isa = PBXGroup;
			children = (
				1E11916824CE3484007B1FFE /* Example.app */,
			);
			name = Products;
			sourceTree = "<group>";
		};
		1E11916A24CE3484007B1FFE /* Example */ = {
			isa = PBXGroup;
			children = (
				1E11916B24CE3484007B1FFE /* AppDelegate.swift */,
				1E11916D24CE3484007B1FFE /* SceneDelegate.swift */,
				1E11916F24CE3484007B1FFE /* SwiftUIExampleView.swift */,
				1E11917124CE3487007B1FFE /* Assets.xcassets */,
				1E11917624CE3487007B1FFE /* LaunchScreen.storyboard */,
				1E11917924CE3487007B1FFE /* Info.plist */,
				1EA2974F24CE350B00ADC25E /* Sources */,
				1E11917324CE3487007B1FFE /* Preview Content */,
			);
			path = Example;
			sourceTree = "<group>";
		};
		1E11917324CE3487007B1FFE /* Preview Content */ = {
			isa = PBXGroup;
			children = (
				1E11917424CE3487007B1FFE /* Preview Assets.xcassets */,
			);
			path = "Preview Content";
			sourceTree = "<group>";
		};
		1EA2974F24CE350B00ADC25E /* Sources */ = {
			isa = PBXGroup;
			children = (
				1EA2975024CE350B00ADC25E /* ElegantColorPicker */,
			);
			name = Sources;
			path = ../../Sources;
			sourceTree = "<group>";
		};
		1EA2975024CE350B00ADC25E /* ElegantColorPicker */ = {
			isa = PBXGroup;
			children = (
				1EA2975424CE350B00ADC25E /* ColorPaletteView.swift */,
				1E2C8EE424CE636400BC7D43 /* ColorPaletteDynamicView.swift */,
				1EA2975124CE350B00ADC25E /* Views */,
				1EA2975624CE350B00ADC25E /* Helpers */,
			);
			path = ElegantColorPicker;
			sourceTree = "<group>";
		};
		1EA2975124CE350B00ADC25E /* Views */ = {
			isa = PBXGroup;
			children = (
				1EA2975224CE350B00ADC25E /* ColorPaletteScene.swift */,
				1EA2975524CE350B00ADC25E /* ColorsContainerNode.swift */,
				1EA2975324CE350B00ADC25E /* ColorNode.swift */,
			);
			path = Views;
			sourceTree = "<group>";
		};
		1EA2975624CE350B00ADC25E /* Helpers */ = {
			isa = PBXGroup;
			children = (
				1EA2975724CE350B00ADC25E /* PaletteColor.swift */,
				1EA2975824CE350B00ADC25E /* Extensions */,
			);
			path = Helpers;
			sourceTree = "<group>";
		};
		1EA2975824CE350B00ADC25E /* Extensions */ = {
			isa = PBXGroup;
			children = (
				1E2C8EE624CE9FD400BC7D43 /* CGPoint+Distance.swift */,
				1E2C8EE824CEA00A00BC7D43 /* CGSize+Operators.swift */,
				1EA2975924CE350B00ADC25E /* SKShapeNode+Radius.swift */,
			);
			path = Extensions;
			sourceTree = "<group>";
		};
/* End PBXGroup section */

/* Begin PBXNativeTarget section */
		1E11916724CE3484007B1FFE /* Example */ = {
			isa = PBXNativeTarget;
			buildConfigurationList = 1E11917C24CE3487007B1FFE /* Build configuration list for PBXNativeTarget "Example" */;
			buildPhases = (
				1E11916424CE3484007B1FFE /* Sources */,
				1E11916524CE3484007B1FFE /* Frameworks */,
				1E11916624CE3484007B1FFE /* Resources */,
			);
			buildRules = (
			);
			dependencies = (
			);
			name = Example;
			productName = Example;
			productReference = 1E11916824CE3484007B1FFE /* Example.app */;
			productType = "com.apple.product-type.application";
		};
/* End PBXNativeTarget section */

/* Begin PBXProject section */
		1E11916024CE3484007B1FFE /* Project object */ = {
			isa = PBXProject;
			attributes = {
				LastSwiftUpdateCheck = 1160;
				LastUpgradeCheck = 1160;
				ORGANIZATIONNAME = "Kevin Li";
				TargetAttributes = {
					1E11916724CE3484007B1FFE = {
						CreatedOnToolsVersion = 11.6;
					};
				};
			};
			buildConfigurationList = 1E11916324CE3484007B1FFE /* Build configuration list for PBXProject "Example" */;
			compatibilityVersion = "Xcode 9.3";
			developmentRegion = en;
			hasScannedForEncodings = 0;
			knownRegions = (
				en,
				Base,
			);
			mainGroup = 1E11915F24CE3484007B1FFE;
			productRefGroup = 1E11916924CE3484007B1FFE /* Products */;
			projectDirPath = "";
			projectRoot = "";
			targets = (
				1E11916724CE3484007B1FFE /* Example */,
			);
		};
/* End PBXProject section */

/* Begin PBXResourcesBuildPhase section */
		1E11916624CE3484007B1FFE /* Resources */ = {
			isa = PBXResourcesBuildPhase;
			buildActionMask = 2147483647;
			files = (
				1E11917824CE3487007B1FFE /* LaunchScreen.storyboard in Resources */,
				1E11917524CE3487007B1FFE /* Preview Assets.xcassets in Resources */,
				1E11917224CE3487007B1FFE /* Assets.xcassets in Resources */,
			);
			runOnlyForDeploymentPostprocessing = 0;
		};
/* End PBXResourcesBuildPhase section */

/* Begin PBXSourcesBuildPhase section */
		1E11916424CE3484007B1FFE /* Sources */ = {
			isa = PBXSourcesBuildPhase;
			buildActionMask = 2147483647;
			files = (
				1E2C8EE924CEA00A00BC7D43 /* CGSize+Operators.swift in Sources */,
				1EA2975E24CE350B00ADC25E /* PaletteColor.swift in Sources */,
				1EA2975F24CE350B00ADC25E /* SKShapeNode+Radius.swift in Sources */,
				1EA2975B24CE350B00ADC25E /* ColorNode.swift in Sources */,
				1EA2975D24CE350B00ADC25E /* ColorsContainerNode.swift in Sources */,
				1E2C8EE524CE636400BC7D43 /* ColorPaletteDynamicView.swift in Sources */,
				1E11916C24CE3484007B1FFE /* AppDelegate.swift in Sources */,
				1EA2975A24CE350B00ADC25E /* ColorPaletteScene.swift in Sources */,
				1E2C8EE724CE9FD400BC7D43 /* CGPoint+Distance.swift in Sources */,
				1EA2975C24CE350B00ADC25E /* ColorPaletteView.swift in Sources */,
				1E11916E24CE3484007B1FFE /* SceneDelegate.swift in Sources */,
				1E11917024CE3484007B1FFE /* SwiftUIExampleView.swift in Sources */,
			);
			runOnlyForDeploymentPostprocessing = 0;
		};
/* End PBXSourcesBuildPhase section */

/* Begin PBXVariantGroup section */
		1E11917624CE3487007B1FFE /* LaunchScreen.storyboard */ = {
			isa = PBXVariantGroup;
			children = (
				1E11917724CE3487007B1FFE /* Base */,
			);
			name = LaunchScreen.storyboard;
			sourceTree = "<group>";
		};
/* End PBXVariantGroup section */

/* Begin XCBuildConfiguration section */
		1E11917A24CE3487007B1FFE /* Debug */ = {
			isa = XCBuildConfiguration;
			buildSettings = {
				ALWAYS_SEARCH_USER_PATHS = NO;
				CLANG_ANALYZER_NONNULL = YES;
				CLANG_ANALYZER_NUMBER_OBJECT_CONVERSION = YES_AGGRESSIVE;
				CLANG_CXX_LANGUAGE_STANDARD = "gnu++14";
				CLANG_CXX_LIBRARY = "libc++";
				CLANG_ENABLE_MODULES = YES;
				CLANG_ENABLE_OBJC_ARC = YES;
				CLANG_ENABLE_OBJC_WEAK = YES;
				CLANG_WARN_BLOCK_CAPTURE_AUTORELEASING = YES;
				CLANG_WARN_BOOL_CONVERSION = YES;
				CLANG_WARN_COMMA = YES;
				CLANG_WARN_CONSTANT_CONVERSION = YES;
				CLANG_WARN_DEPRECATED_OBJC_IMPLEMENTATIONS = YES;
				CLANG_WARN_DIRECT_OBJC_ISA_USAGE = YES_ERROR;
				CLANG_WARN_DOCUMENTATION_COMMENTS = YES;
				CLANG_WARN_EMPTY_BODY = YES;
				CLANG_WARN_ENUM_CONVERSION = YES;
				CLANG_WARN_INFINITE_RECURSION = YES;
				CLANG_WARN_INT_CONVERSION = YES;
				CLANG_WARN_NON_LITERAL_NULL_CONVERSION = YES;
				CLANG_WARN_OBJC_IMPLICIT_RETAIN_SELF = YES;
				CLANG_WARN_OBJC_LITERAL_CONVERSION = YES;
				CLANG_WARN_OBJC_ROOT_CLASS = YES_ERROR;
				CLANG_WARN_RANGE_LOOP_ANALYSIS = YES;
				CLANG_WARN_STRICT_PROTOTYPES = YES;
				CLANG_WARN_SUSPICIOUS_MOVE = YES;
				CLANG_WARN_UNGUARDED_AVAILABILITY = YES_AGGRESSIVE;
				CLANG_WARN_UNREACHABLE_CODE = YES;
				CLANG_WARN__DUPLICATE_METHOD_MATCH = YES;
				COPY_PHASE_STRIP = NO;
				DEBUG_INFORMATION_FORMAT = dwarf;
				ENABLE_STRICT_OBJC_MSGSEND = YES;
				ENABLE_TESTABILITY = YES;
				GCC_C_LANGUAGE_STANDARD = gnu11;
				GCC_DYNAMIC_NO_PIC = NO;
				GCC_NO_COMMON_BLOCKS = YES;
				GCC_OPTIMIZATION_LEVEL = 0;
				GCC_PREPROCESSOR_DEFINITIONS = (
					"DEBUG=1",
					"$(inherited)",
				);
				GCC_WARN_64_TO_32_BIT_CONVERSION = YES;
				GCC_WARN_ABOUT_RETURN_TYPE = YES_ERROR;
				GCC_WARN_UNDECLARED_SELECTOR = YES;
				GCC_WARN_UNINITIALIZED_AUTOS = YES_AGGRESSIVE;
				GCC_WARN_UNUSED_FUNCTION = YES;
				GCC_WARN_UNUSED_VARIABLE = YES;
				IPHONEOS_DEPLOYMENT_TARGET = 13.6;
				MTL_ENABLE_DEBUG_INFO = INCLUDE_SOURCE;
				MTL_FAST_MATH = YES;
				ONLY_ACTIVE_ARCH = YES;
				SDKROOT = iphoneos;
				SWIFT_ACTIVE_COMPILATION_CONDITIONS = DEBUG;
				SWIFT_OPTIMIZATION_LEVEL = "-Onone";
			};
			name = Debug;
		};
		1E11917B24CE3487007B1FFE /* Release */ = {
			isa = XCBuildConfiguration;
			buildSettings = {
				ALWAYS_SEARCH_USER_PATHS = NO;
				CLANG_ANALYZER_NONNULL = YES;
				CLANG_ANALYZER_NUMBER_OBJECT_CONVERSION = YES_AGGRESSIVE;
				CLANG_CXX_LANGUAGE_STANDARD = "gnu++14";
				CLANG_CXX_LIBRARY = "libc++";
				CLANG_ENABLE_MODULES = YES;
				CLANG_ENABLE_OBJC_ARC = YES;
				CLANG_ENABLE_OBJC_WEAK = YES;
				CLANG_WARN_BLOCK_CAPTURE_AUTORELEASING = YES;
				CLANG_WARN_BOOL_CONVERSION = YES;
				CLANG_WARN_COMMA = YES;
				CLANG_WARN_CONSTANT_CONVERSION = YES;
				CLANG_WARN_DEPRECATED_OBJC_IMPLEMENTATIONS = YES;
				CLANG_WARN_DIRECT_OBJC_ISA_USAGE = YES_ERROR;
				CLANG_WARN_DOCUMENTATION_COMMENTS = YES;
				CLANG_WARN_EMPTY_BODY = YES;
				CLANG_WARN_ENUM_CONVERSION = YES;
				CLANG_WARN_INFINITE_RECURSION = YES;
				CLANG_WARN_INT_CONVERSION = YES;
				CLANG_WARN_NON_LITERAL_NULL_CONVERSION = YES;
				CLANG_WARN_OBJC_IMPLICIT_RETAIN_SELF = YES;
				CLANG_WARN_OBJC_LITERAL_CONVERSION = YES;
				CLANG_WARN_OBJC_ROOT_CLASS = YES_ERROR;
				CLANG_WARN_RANGE_LOOP_ANALYSIS = YES;
				CLANG_WARN_STRICT_PROTOTYPES = YES;
				CLANG_WARN_SUSPICIOUS_MOVE = YES;
				CLANG_WARN_UNGUARDED_AVAILABILITY = YES_AGGRESSIVE;
				CLANG_WARN_UNREACHABLE_CODE = YES;
				CLANG_WARN__DUPLICATE_METHOD_MATCH = YES;
				COPY_PHASE_STRIP = NO;
				DEBUG_INFORMATION_FORMAT = "dwarf-with-dsym";
				ENABLE_NS_ASSERTIONS = NO;
				ENABLE_STRICT_OBJC_MSGSEND = YES;
				GCC_C_LANGUAGE_STANDARD = gnu11;
				GCC_NO_COMMON_BLOCKS = YES;
				GCC_WARN_64_TO_32_BIT_CONVERSION = YES;
				GCC_WARN_ABOUT_RETURN_TYPE = YES_ERROR;
				GCC_WARN_UNDECLARED_SELECTOR = YES;
				GCC_WARN_UNINITIALIZED_AUTOS = YES_AGGRESSIVE;
				GCC_WARN_UNUSED_FUNCTION = YES;
				GCC_WARN_UNUSED_VARIABLE = YES;
				IPHONEOS_DEPLOYMENT_TARGET = 13.6;
				MTL_ENABLE_DEBUG_INFO = NO;
				MTL_FAST_MATH = YES;
				SDKROOT = iphoneos;
				SWIFT_COMPILATION_MODE = wholemodule;
				SWIFT_OPTIMIZATION_LEVEL = "-O";
				VALIDATE_PRODUCT = YES;
			};
			name = Release;
		};
		1E11917D24CE3487007B1FFE /* Debug */ = {
			isa = XCBuildConfiguration;
			buildSettings = {
				ASSETCATALOG_COMPILER_APPICON_NAME = AppIcon;
				CODE_SIGN_STYLE = Automatic;
				DEVELOPMENT_ASSET_PATHS = "\"Example/Preview Content\"";
				DEVELOPMENT_TEAM = 75H2NCGMKS;
				ENABLE_PREVIEWS = YES;
				INFOPLIST_FILE = Example/Info.plist;
				LD_RUNPATH_SEARCH_PATHS = (
					"$(inherited)",
					"@executable_path/Frameworks",
				);
				PRODUCT_BUNDLE_IDENTIFIER = com.kevinli.Example;
				PRODUCT_NAME = "$(TARGET_NAME)";
				SWIFT_VERSION = 5.0;
				TARGETED_DEVICE_FAMILY = "1,2";
			};
			name = Debug;
		};
		1E11917E24CE3487007B1FFE /* Release */ = {
			isa = XCBuildConfiguration;
			buildSettings = {
				ASSETCATALOG_COMPILER_APPICON_NAME = AppIcon;
				CODE_SIGN_STYLE = Automatic;
				DEVELOPMENT_ASSET_PATHS = "\"Example/Preview Content\"";
				DEVELOPMENT_TEAM = 75H2NCGMKS;
				ENABLE_PREVIEWS = YES;
				INFOPLIST_FILE = Example/Info.plist;
				LD_RUNPATH_SEARCH_PATHS = (
					"$(inherited)",
					"@executable_path/Frameworks",
				);
				PRODUCT_BUNDLE_IDENTIFIER = com.kevinli.Example;
				PRODUCT_NAME = "$(TARGET_NAME)";
				SWIFT_VERSION = 5.0;
				TARGETED_DEVICE_FAMILY = "1,2";
			};
			name = Release;
		};
/* End XCBuildConfiguration section */

/* Begin XCConfigurationList section */
		1E11916324CE3484007B1FFE /* Build configuration list for PBXProject "Example" */ = {
			isa = XCConfigurationList;
			buildConfigurations = (
				1E11917A24CE3487007B1FFE /* Debug */,
				1E11917B24CE3487007B1FFE /* Release */,
			);
			defaultConfigurationIsVisible = 0;
			defaultConfigurationName = Release;
		};
		1E11917C24CE3487007B1FFE /* Build configuration list for PBXNativeTarget "Example" */ = {
			isa = XCConfigurationList;
			buildConfigurations = (
				1E11917D24CE3487007B1FFE /* Debug */,
				1E11917E24CE3487007B1FFE /* Release */,
			);
			defaultConfigurationIsVisible = 0;
			defaultConfigurationName = Release;
		};
/* End XCConfigurationList section */
	};
	rootObject = 1E11916024CE3484007B1FFE /* Project object */;
}
