// !$*UTF8*$!
{
	archiveVersion = 1;
	classes = {
	};
	objectVersion = 52;
	objects = {

/* Begin PBXBuildFile section */
		1E059A9B24D3ED18001ABC91 /* ProgrammaticExampleVC.swift in Sources */ = {isa = PBXBuildFile; fileRef = 1E059A9A24D3ED18001ABC91 /* ProgrammaticExampleVC.swift */; };
		1E059A9D24D3ED2B001ABC91 /* XIBExampleVC.swift in Sources */ = {isa = PBXBuildFile; fileRef = 1E059A9C24D3ED2B001ABC91 /* XIBExampleVC.swift */; };
		1E21314024D3962D00025BA1 /* AppDelegate.swift in Sources */ = {isa = PBXBuildFile; fileRef = 1E21313F24D3962D00025BA1 /* AppDelegate.swift */; };
		1E21314224D3962D00025BA1 /* SceneDelegate.swift in Sources */ = {isa = PBXBuildFile; fileRef = 1E21314124D3962D00025BA1 /* SceneDelegate.swift */; };
		1E21314924D3962E00025BA1 /* Assets.xcassets in Resources */ = {isa = PBXBuildFile; fileRef = 1E21314824D3962E00025BA1 /* Assets.xcassets */; };
		1E21314C24D3962E00025BA1 /* LaunchScreen.storyboard in Resources */ = {isa = PBXBuildFile; fileRef = 1E21314A24D3962E00025BA1 /* LaunchScreen.storyboard */; };
		1E21315624D396EC00025BA1 /* ElegantColorPalette in Frameworks */ = {isa = PBXBuildFile; productRef = 1E21315524D396EC00025BA1 /* ElegantColorPalette */; };
		1E21315824D3990100025BA1 /* PaletteSegmentedControl.swift in Sources */ = {isa = PBXBuildFile; fileRef = 1E21315724D3990100025BA1 /* PaletteSegmentedControl.swift */; };
		1E21315A24D3E6D800025BA1 /* ColorPalette.xib in Resources */ = {isa = PBXBuildFile; fileRef = 1E21315924D3E6D800025BA1 /* ColorPalette.xib */; };
		1E21315C24D3E95200025BA1 /* ColorPaletteXIBView.swift in Sources */ = {isa = PBXBuildFile; fileRef = 1E21315B24D3E95200025BA1 /* ColorPaletteXIBView.swift */; };
/* End PBXBuildFile section */

/* Begin PBXFileReference section */
		1E059A9A24D3ED18001ABC91 /* ProgrammaticExampleVC.swift */ = {isa = PBXFileReference; fileEncoding = 4; lastKnownFileType = sourcecode.swift; path = ProgrammaticExampleVC.swift; sourceTree = "<group>"; };
		1E059A9C24D3ED2B001ABC91 /* XIBExampleVC.swift */ = {isa = PBXFileReference; lastKnownFileType = sourcecode.swift; path = XIBExampleVC.swift; sourceTree = "<group>"; };
		1E21313C24D3962D00025BA1 /* UIKitExample.app */ = {isa = PBXFileReference; explicitFileType = wrapper.application; includeInIndex = 0; path = UIKitExample.app; sourceTree = BUILT_PRODUCTS_DIR; };
		1E21313F24D3962D00025BA1 /* AppDelegate.swift */ = {isa = PBXFileReference; lastKnownFileType = sourcecode.swift; path = AppDelegate.swift; sourceTree = "<group>"; };
		1E21314124D3962D00025BA1 /* SceneDelegate.swift */ = {isa = PBXFileReference; lastKnownFileType = sourcecode.swift; path = SceneDelegate.swift; sourceTree = "<group>"; };
		1E21314824D3962E00025BA1 /* Assets.xcassets */ = {isa = PBXFileReference; lastKnownFileType = folder.assetcatalog; path = Assets.xcassets; sourceTree = "<group>"; };
		1E21314B24D3962E00025BA1 /* Base */ = {isa = PBXFileReference; lastKnownFileType = file.storyboard; name = Base; path = Base.lproj/LaunchScreen.storyboard; sourceTree = "<group>"; };
		1E21314D24D3962E00025BA1 /* Info.plist */ = {isa = PBXFileReference; lastKnownFileType = text.plist.xml; path = Info.plist; sourceTree = "<group>"; };
		1E21315324D396AD00025BA1 /* ElegantColorPicker */ = {isa = PBXFileReference; lastKnownFileType = folder; name = ElegantColorPicker; path = ../..; sourceTree = "<group>"; };
		1E21315724D3990100025BA1 /* PaletteSegmentedControl.swift */ = {isa = PBXFileReference; lastKnownFileType = sourcecode.swift; path = PaletteSegmentedControl.swift; sourceTree = "<group>"; };
		1E21315924D3E6D800025BA1 /* ColorPalette.xib */ = {isa = PBXFileReference; lastKnownFileType = file.xib; path = ColorPalette.xib; sourceTree = "<group>"; };
		1E21315B24D3E95200025BA1 /* ColorPaletteXIBView.swift */ = {isa = PBXFileReference; lastKnownFileType = sourcecode.swift; path = ColorPaletteXIBView.swift; sourceTree = "<group>"; };
/* End PBXFileReference section */

/* Begin PBXFrameworksBuildPhase section */
		1E21313924D3962D00025BA1 /* Frameworks */ = {
			isa = PBXFrameworksBuildPhase;
			buildActionMask = 2147483647;
			files = (
				1E21315624D396EC00025BA1 /* ElegantColorPalette in Frameworks */,
			);
			runOnlyForDeploymentPostprocessing = 0;
		};
/* End PBXFrameworksBuildPhase section */

/* Begin PBXGroup section */
		1E21313324D3962D00025BA1 = {
			isa = PBXGroup;
			children = (
				1E21313E24D3962D00025BA1 /* UIKitExample */,
				1E21313D24D3962D00025BA1 /* Products */,
				1E21315424D396EC00025BA1 /* Frameworks */,
			);
			sourceTree = "<group>";
		};
		1E21313D24D3962D00025BA1 /* Products */ = {
			isa = PBXGroup;
			children = (
				1E21313C24D3962D00025BA1 /* UIKitExample.app */,
			);
			name = Products;
			sourceTree = "<group>";
		};
		1E21313E24D3962D00025BA1 /* UIKitExample */ = {
			isa = PBXGroup;
			children = (
				1E21313F24D3962D00025BA1 /* AppDelegate.swift */,
				1E21314124D3962D00025BA1 /* SceneDelegate.swift */,
				1E059A9A24D3ED18001ABC91 /* ProgrammaticExampleVC.swift */,
				1E059A9C24D3ED2B001ABC91 /* XIBExampleVC.swift */,
				1E21315724D3990100025BA1 /* PaletteSegmentedControl.swift */,
				1E21315924D3E6D800025BA1 /* ColorPalette.xib */,
				1E21315B24D3E95200025BA1 /* ColorPaletteXIBView.swift */,
				1E21315324D396AD00025BA1 /* ElegantColorPicker */,
				1E21314824D3962E00025BA1 /* Assets.xcassets */,
				1E21314A24D3962E00025BA1 /* LaunchScreen.storyboard */,
				1E21314D24D3962E00025BA1 /* Info.plist */,
			);
			path = UIKitExample;
			sourceTree = "<group>";
		};
		1E21315424D396EC00025BA1 /* Frameworks */ = {
			isa = PBXGroup;
			children = (
			);
			name = Frameworks;
			sourceTree = "<group>";
		};
/* End PBXGroup section */

/* Begin PBXNativeTarget section */
		1E21313B24D3962D00025BA1 /* UIKitExample */ = {
			isa = PBXNativeTarget;
			buildConfigurationList = 1E21315024D3962E00025BA1 /* Build configuration list for PBXNativeTarget "UIKitExample" */;
			buildPhases = (
				1E21313824D3962D00025BA1 /* Sources */,
				1E21313924D3962D00025BA1 /* Frameworks */,
				1E21313A24D3962D00025BA1 /* Resources */,
			);
			buildRules = (
			);
			dependencies = (
			);
			name = UIKitExample;
			packageProductDependencies = (
				1E21315524D396EC00025BA1 /* ElegantColorPalette */,
			);
			productName = UIKitExample;
			productReference = 1E21313C24D3962D00025BA1 /* UIKitExample.app */;
			productType = "com.apple.product-type.application";
		};
/* End PBXNativeTarget section */

/* Begin PBXProject section */
		1E21313424D3962D00025BA1 /* Project object */ = {
			isa = PBXProject;
			attributes = {
				LastSwiftUpdateCheck = 1160;
				LastUpgradeCheck = 1160;
				ORGANIZATIONNAME = "Kevin Li";
				TargetAttributes = {
					1E21313B24D3962D00025BA1 = {
						CreatedOnToolsVersion = 11.6;
					};
				};
			};
			buildConfigurationList = 1E21313724D3962D00025BA1 /* Build configuration list for PBXProject "UIKitExample" */;
			compatibilityVersion = "Xcode 9.3";
			developmentRegion = en;
			hasScannedForEncodings = 0;
			knownRegions = (
				en,
				Base,
			);
			mainGroup = 1E21313324D3962D00025BA1;
			productRefGroup = 1E21313D24D3962D00025BA1 /* Products */;
			projectDirPath = "";
			projectRoot = "";
			targets = (
				1E21313B24D3962D00025BA1 /* UIKitExample */,
			);
		};
/* End PBXProject section */

/* Begin PBXResourcesBuildPhase section */
		1E21313A24D3962D00025BA1 /* Resources */ = {
			isa = PBXResourcesBuildPhase;
			buildActionMask = 2147483647;
			files = (
				1E21314C24D3962E00025BA1 /* LaunchScreen.storyboard in Resources */,
				1E21314924D3962E00025BA1 /* Assets.xcassets in Resources */,
				1E21315A24D3E6D800025BA1 /* ColorPalette.xib in Resources */,
			);
			runOnlyForDeploymentPostprocessing = 0;
		};
/* End PBXResourcesBuildPhase section */

/* Begin PBXSourcesBuildPhase section */
		1E21313824D3962D00025BA1 /* Sources */ = {
			isa = PBXSourcesBuildPhase;
			buildActionMask = 2147483647;
			files = (
				1E21315824D3990100025BA1 /* PaletteSegmentedControl.swift in Sources */,
				1E059A9D24D3ED2B001ABC91 /* XIBExampleVC.swift in Sources */,
				1E059A9B24D3ED18001ABC91 /* ProgrammaticExampleVC.swift in Sources */,
				1E21315C24D3E95200025BA1 /* ColorPaletteXIBView.swift in Sources */,
				1E21314024D3962D00025BA1 /* AppDelegate.swift in Sources */,
				1E21314224D3962D00025BA1 /* SceneDelegate.swift in Sources */,
			);
			runOnlyForDeploymentPostprocessing = 0;
		};
/* End PBXSourcesBuildPhase section */

/* Begin PBXVariantGroup section */
		1E21314A24D3962E00025BA1 /* LaunchScreen.storyboard */ = {
			isa = PBXVariantGroup;
			children = (
				1E21314B24D3962E00025BA1 /* Base */,
			);
			name = LaunchScreen.storyboard;
			sourceTree = "<group>";
		};
/* End PBXVariantGroup section */

/* Begin XCBuildConfiguration section */
		1E21314E24D3962E00025BA1 /* Debug */ = {
			isa = XCBuildConfiguration;
			buildSettings = {
				ALWAYS_SEARCH_USER_PATHS = NO;
				CLANG_ANALYZER_NONNULL = YES;
				CLANG_ANALYZER_NUMBER_OBJECT_CONVERSION = YES_AGGRESSIVE;
				CLANG_CXX_LANGUAGE_STANDARD = "gnu++14";
				CLANG_CXX_LIBRARY = "libc++";
				CLANG_ENABLE_MODULES = YES;
				CLANG_ENABLE_OBJC_ARC = YES;
				CLANG_ENABLE_OBJC_WEAK = YES;
				CLANG_WARN_BLOCK_CAPTURE_AUTORELEASING = YES;
				CLANG_WARN_BOOL_CONVERSION = YES;
				CLANG_WARN_COMMA = YES;
				CLANG_WARN_CONSTANT_CONVERSION = YES;
				CLANG_WARN_DEPRECATED_OBJC_IMPLEMENTATIONS = YES;
				CLANG_WARN_DIRECT_OBJC_ISA_USAGE = YES_ERROR;
				CLANG_WARN_DOCUMENTATION_COMMENTS = YES;
				CLANG_WARN_EMPTY_BODY = YES;
				CLANG_WARN_ENUM_CONVERSION = YES;
				CLANG_WARN_INFINITE_RECURSION = YES;
				CLANG_WARN_INT_CONVERSION = YES;
				CLANG_WARN_NON_LITERAL_NULL_CONVERSION = YES;
				CLANG_WARN_OBJC_IMPLICIT_RETAIN_SELF = YES;
				CLANG_WARN_OBJC_LITERAL_CONVERSION = YES;
				CLANG_WARN_OBJC_ROOT_CLASS = YES_ERROR;
				CLANG_WARN_RANGE_LOOP_ANALYSIS = YES;
				CLANG_WARN_STRICT_PROTOTYPES = YES;
				CLANG_WARN_SUSPICIOUS_MOVE = YES;
				CLANG_WARN_UNGUARDED_AVAILABILITY = YES_AGGRESSIVE;
				CLANG_WARN_UNREACHABLE_CODE = YES;
				CLANG_WARN__DUPLICATE_METHOD_MATCH = YES;
				COPY_PHASE_STRIP = NO;
				DEBUG_INFORMATION_FORMAT = dwarf;
				ENABLE_STRICT_OBJC_MSGSEND = YES;
				ENABLE_TESTABILITY = YES;
				GCC_C_LANGUAGE_STANDARD = gnu11;
				GCC_DYNAMIC_NO_PIC = NO;
				GCC_NO_COMMON_BLOCKS = YES;
				GCC_OPTIMIZATION_LEVEL = 0;
				GCC_PREPROCESSOR_DEFINITIONS = (
					"DEBUG=1",
					"$(inherited)",
				);
				GCC_WARN_64_TO_32_BIT_CONVERSION = YES;
				GCC_WARN_ABOUT_RETURN_TYPE = YES_ERROR;
				GCC_WARN_UNDECLARED_SELECTOR = YES;
				GCC_WARN_UNINITIALIZED_AUTOS = YES_AGGRESSIVE;
				GCC_WARN_UNUSED_FUNCTION = YES;
				GCC_WARN_UNUSED_VARIABLE = YES;
				IPHONEOS_DEPLOYMENT_TARGET = 13.6;
				MTL_ENABLE_DEBUG_INFO = INCLUDE_SOURCE;
				MTL_FAST_MATH = YES;
				ONLY_ACTIVE_ARCH = YES;
				SDKROOT = iphoneos;
				SWIFT_ACTIVE_COMPILATION_CONDITIONS = DEBUG;
				SWIFT_OPTIMIZATION_LEVEL = "-Onone";
			};
			name = Debug;
		};
		1E21314F24D3962E00025BA1 /* Release */ = {
			isa = XCBuildConfiguration;
			buildSettings = {
				ALWAYS_SEARCH_USER_PATHS = NO;
				CLANG_ANALYZER_NONNULL = YES;
				CLANG_ANALYZER_NUMBER_OBJECT_CONVERSION = YES_AGGRESSIVE;
				CLANG_CXX_LANGUAGE_STANDARD = "gnu++14";
				CLANG_CXX_LIBRARY = "libc++";
				CLANG_ENABLE_MODULES = YES;
				CLANG_ENABLE_OBJC_ARC = YES;
				CLANG_ENABLE_OBJC_WEAK = YES;
				CLANG_WARN_BLOCK_CAPTURE_AUTORELEASING = YES;
				CLANG_WARN_BOOL_CONVERSION = YES;
				CLANG_WARN_COMMA = YES;
				CLANG_WARN_CONSTANT_CONVERSION = YES;
				CLANG_WARN_DEPRECATED_OBJC_IMPLEMENTATIONS = YES;
				CLANG_WARN_DIRECT_OBJC_ISA_USAGE = YES_ERROR;
				CLANG_WARN_DOCUMENTATION_COMMENTS = YES;
				CLANG_WARN_EMPTY_BODY = YES;
				CLANG_WARN_ENUM_CONVERSION = YES;
				CLANG_WARN_INFINITE_RECURSION = YES;
				CLANG_WARN_INT_CONVERSION = YES;
				CLANG_WARN_NON_LITERAL_NULL_CONVERSION = YES;
				CLANG_WARN_OBJC_IMPLICIT_RETAIN_SELF = YES;
				CLANG_WARN_OBJC_LITERAL_CONVERSION = YES;
				CLANG_WARN_OBJC_ROOT_CLASS = YES_ERROR;
				CLANG_WARN_RANGE_LOOP_ANALYSIS = YES;
				CLANG_WARN_STRICT_PROTOTYPES = YES;
				CLANG_WARN_SUSPICIOUS_MOVE = YES;
				CLANG_WARN_UNGUARDED_AVAILABILITY = YES_AGGRESSIVE;
				CLANG_WARN_UNREACHABLE_CODE = YES;
				CLANG_WARN__DUPLICATE_METHOD_MATCH = YES;
				COPY_PHASE_STRIP = NO;
				DEBUG_INFORMATION_FORMAT = "dwarf-with-dsym";
				ENABLE_NS_ASSERTIONS = NO;
				ENABLE_STRICT_OBJC_MSGSEND = YES;
				GCC_C_LANGUAGE_STANDARD = gnu11;
				GCC_NO_COMMON_BLOCKS = YES;
				GCC_WARN_64_TO_32_BIT_CONVERSION = YES;
				GCC_WARN_ABOUT_RETURN_TYPE = YES_ERROR;
				GCC_WARN_UNDECLARED_SELECTOR = YES;
				GCC_WARN_UNINITIALIZED_AUTOS = YES_AGGRESSIVE;
				GCC_WARN_UNUSED_FUNCTION = YES;
				GCC_WARN_UNUSED_VARIABLE = YES;
				IPHONEOS_DEPLOYMENT_TARGET = 13.6;
				MTL_ENABLE_DEBUG_INFO = NO;
				MTL_FAST_MATH = YES;
				SDKROOT = iphoneos;
				SWIFT_COMPILATION_MODE = wholemodule;
				SWIFT_OPTIMIZATION_LEVEL = "-O";
				VALIDATE_PRODUCT = YES;
			};
			name = Release;
		};
		1E21315124D3962E00025BA1 /* Debug */ = {
			isa = XCBuildConfiguration;
			buildSettings = {
				ASSETCATALOG_COMPILER_APPICON_NAME = AppIcon;
				CODE_SIGN_STYLE = Automatic;
				DEVELOPMENT_TEAM = 75H2NCGMKS;
				INFOPLIST_FILE = UIKitExample/Info.plist;
				IPHONEOS_DEPLOYMENT_TARGET = 13.0;
				LD_RUNPATH_SEARCH_PATHS = (
					"$(inherited)",
					"@executable_path/Frameworks",
				);
				PRODUCT_BUNDLE_IDENTIFIER = com.kevinli.UIKitExample;
				PRODUCT_NAME = "$(TARGET_NAME)";
				SWIFT_VERSION = 5.0;
				TARGETED_DEVICE_FAMILY = "1,2";
			};
			name = Debug;
		};
		1E21315224D3962E00025BA1 /* Release */ = {
			isa = XCBuildConfiguration;
			buildSettings = {
				ASSETCATALOG_COMPILER_APPICON_NAME = AppIcon;
				CODE_SIGN_STYLE = Automatic;
				DEVELOPMENT_TEAM = 75H2NCGMKS;
				INFOPLIST_FILE = UIKitExample/Info.plist;
				IPHONEOS_DEPLOYMENT_TARGET = 13.0;
				LD_RUNPATH_SEARCH_PATHS = (
					"$(inherited)",
					"@executable_path/Frameworks",
				);
				PRODUCT_BUNDLE_IDENTIFIER = com.kevinli.UIKitExample;
				PRODUCT_NAME = "$(TARGET_NAME)";
				SWIFT_VERSION = 5.0;
				TARGETED_DEVICE_FAMILY = "1,2";
			};
			name = Release;
		};
/* End XCBuildConfiguration section */

/* Begin XCConfigurationList section */
		1E21313724D3962D00025BA1 /* Build configuration list for PBXProject "UIKitExample" */ = {
			isa = XCConfigurationList;
			buildConfigurations = (
				1E21314E24D3962E00025BA1 /* Debug */,
				1E21314F24D3962E00025BA1 /* Release */,
			);
			defaultConfigurationIsVisible = 0;
			defaultConfigurationName = Release;
		};
		1E21315024D3962E00025BA1 /* Build configuration list for PBXNativeTarget "UIKitExample" */ = {
			isa = XCConfigurationList;
			buildConfigurations = (
				1E21315124D3962E00025BA1 /* Debug */,
				1E21315224D3962E00025BA1 /* Release */,
			);
			defaultConfigurationIsVisible = 0;
			defaultConfigurationName = Release;
		};
/* End XCConfigurationList section */

/* Begin XCSwiftPackageProductDependency section */
		1E21315524D396EC00025BA1 /* ElegantColorPalette */ = {
			isa = XCSwiftPackageProductDependency;
			productName = ElegantColorPalette;
		};
/* End XCSwiftPackageProductDependency section */
	};
	rootObject = 1E21313424D3962D00025BA1 /* Project object */;
}
